
Microsoft Visual Studio Solution File, Format Version 12.00
# Visual Studio Version 16
VisualStudioVersion = 16.0.31624.102
MinimumVisualStudioVersion = 10.0.40219.1
Project("{FAE04EC0-301F-11D3-BF4B-00C04F79EFBC}") = "RestaurantRaterMVC", "RestaurantRaterMVC\RestaurantRaterMVC.csproj", "{AD43F87A-C149-4245-9159-2EBCD4325168}"
EndProject
Global
	GlobalSection(SolutionConfigurationPlatforms) = preSolution
		Debug|Any CPU = Debug|Any CPU
		Release|Any CPU = Release|Any CPU
	EndGlobalSection
	GlobalSection(ProjectConfigurationPlatforms) = postSolution
		{AD43F87A-C149-4245-9159-2EBCD4325168}.Debug|Any CPU.ActiveCfg = Debug|Any CPU
		{AD43F87A-C149-4245-9159-2EBCD4325168}.Debug|Any CPU.Build.0 = Debug|Any CPU
		{AD43F87A-C149-4245-9159-2EBCD4325168}.Release|Any CPU.ActiveCfg = Release|Any CPU
		{AD43F87A-C149-4245-9159-2EBCD4325168}.Release|Any CPU.Build.0 = Release|Any CPU
	EndGlobalSection
	GlobalSection(SolutionProperties) = preSolution
		HideSolutionNode = FALSE
	EndGlobalSection
	GlobalSection(ExtensibilityGlobals) = postSolution
		SolutionGuid = {EA7A0AEC-F8B1-485F-8A3A-3FBA6B31864E}
	EndGlobalSection
EndGlobal
